
Microsoft Visual Studio Solution File, Format Version 12.00
# Visual Studio Version 16
VisualStudioVersion = 16.0.28803.452
MinimumVisualStudioVersion = 10.0.40219.1
Project("{FAE04EC0-301F-11D3-BF4B-00C04F79EFBC}") = "Financial.Extensions.Core", "Financial.Extensions.Core\Financial.Extensions.Core.csproj", "{D40D0A2C-CDC8-4BAB-B5B5-19E36E4EC276}"
EndProject
Global
	GlobalSection(SolutionConfigurationPlatforms) = preSolution
		Debug|Any CPU = Debug|Any CPU
		Release|Any CPU = Release|Any CPU
	EndGlobalSection
	GlobalSection(ProjectConfigurationPlatforms) = postSolution
		{D40D0A2C-CDC8-4BAB-B5B5-19E36E4EC276}.Debug|Any CPU.ActiveCfg = Debug|Any CPU
		{D40D0A2C-CDC8-4BAB-B5B5-19E36E4EC276}.Debug|Any CPU.Build.0 = Debug|Any CPU
		{D40D0A2C-CDC8-4BAB-B5B5-19E36E4EC276}.Release|Any CPU.ActiveCfg = Release|Any CPU
		{D40D0A2C-CDC8-4BAB-B5B5-19E36E4EC276}.Release|Any CPU.Build.0 = Release|Any CPU
	EndGlobalSection
	GlobalSection(SolutionProperties) = preSolution
		HideSolutionNode = FALSE
	EndGlobalSection
	GlobalSection(ExtensibilityGlobals) = postSolution
		SolutionGuid = {C295D74E-2695-4AC5-9F63-D5C8FF183348}
	EndGlobalSection
EndGlobal
